
Microsoft Visual Studio Solution File, Format Version 12.00
# Visual Studio Version 16
VisualStudioVersion = 16.0.31005.135
MinimumVisualStudioVersion = 10.0.40219.1
Project("{FAE04EC0-301F-11D3-BF4B-00C04F79EFBC}") = "ConferenceRoomBooking", "ConferenceRoomBooking\ConferenceRoomBooking.csproj", "{E94BD306-2900-497A-A2EE-FA362738B6A0}"
EndProject
Global
	GlobalSection(SolutionConfigurationPlatforms) = preSolution
		Debug|Any CPU = Debug|Any CPU
		Release|Any CPU = Release|Any CPU
	EndGlobalSection
	GlobalSection(ProjectConfigurationPlatforms) = postSolution
		{E94BD306-2900-497A-A2EE-FA362738B6A0}.Debug|Any CPU.ActiveCfg = Debug|Any CPU
		{E94BD306-2900-497A-A2EE-FA362738B6A0}.Debug|Any CPU.Build.0 = Debug|Any CPU
		{E94BD306-2900-497A-A2EE-FA362738B6A0}.Release|Any CPU.ActiveCfg = Release|Any CPU
		{E94BD306-2900-497A-A2EE-FA362738B6A0}.Release|Any CPU.Build.0 = Release|Any CPU
	EndGlobalSection
	GlobalSection(SolutionProperties) = preSolution
		HideSolutionNode = FALSE
	EndGlobalSection
	GlobalSection(ExtensibilityGlobals) = postSolution
		SolutionGuid = {94609499-DF8C-4F14-AFCF-9CB32E1B3587}
	EndGlobalSection
EndGlobal
